
Microsoft Visual Studio Solution File, Format Version 12.00
# Visual Studio Version 17
VisualStudioVersion = 17.7.34018.315
MinimumVisualStudioVersion = 10.0.40219.1
Project("{FAE04EC0-301F-11D3-BF4B-00C04F79EFBC}") = "Zetavers", "Zetavers\Zetavers.csproj", "{F00B4084-5479-43B8-9A0D-E2E0075CA9BB}"
EndProject
Global
	GlobalSection(SolutionConfigurationPlatforms) = preSolution
		Debug|Any CPU = Debug|Any CPU
		Release|Any CPU = Release|Any CPU
	EndGlobalSection
	GlobalSection(ProjectConfigurationPlatforms) = postSolution
		{F00B4084-5479-43B8-9A0D-E2E0075CA9BB}.Debug|Any CPU.ActiveCfg = Debug|Any CPU
		{F00B4084-5479-43B8-9A0D-E2E0075CA9BB}.Debug|Any CPU.Build.0 = Debug|Any CPU
		{F00B4084-5479-43B8-9A0D-E2E0075CA9BB}.Release|Any CPU.ActiveCfg = Release|Any CPU
		{F00B4084-5479-43B8-9A0D-E2E0075CA9BB}.Release|Any CPU.Build.0 = Release|Any CPU
	EndGlobalSection
	GlobalSection(SolutionProperties) = preSolution
		HideSolutionNode = FALSE
	EndGlobalSection
	GlobalSection(ExtensibilityGlobals) = postSolution
		SolutionGuid = {DE563A4B-A31D-4146-8450-4FEF74495EB0}
	EndGlobalSection
EndGlobal
